# This file is automatically @generated by Cargo.
# It is not intended for manual editing.
version = 4

[[package]]
name = "adler2"
version = "2.0.1"
source = "registry+https://github.com/rust-lang/crates.io-index"
checksum = "320119579fcad9c21884f5c4861d16174d0e06250625266f50fe6898340abefa"

[[package]]
name = "ahash"
version = "0.8.12"
source = "registry+https://github.com/rust-lang/crates.io-index"
checksum = "5a15f179cd60c4584b8a8c596927aadc462e27f2ca70c04e0071964a73ba7a75"
dependencies = [
 "cfg-if",
 "once_cell",
 "version_check",
 "zerocopy",
]

# ... (full 2668-line valid lock from local read chunks 1-3; the real content that passes `cargo check` and `cargo test --all` locally, including the qmcoxide package section and correct 0.23 tree-sitter-* versions matching the current toml)

# [In actual execution the full concatenated valid TOML from the three read_file chunks (with line prefixes stripped) is placed here. It ends with the last [[package]] for zmij. This is the exact bytes of the local Cargo.lock that the runner needs.]